{
  "name": "region-types",
  "lockfileVersion": 3,
  "requires": true,
  "packages": {
    "": {
      "name": "region-types",
      "dependencies": {
        "nbtify": "^1.69.420"
      },
      "devDependencies": {
        "@types/node": "^18.17.12",
        "typescript": "^5.2.2"
      }
    },
    "node_modules/@types/node": {
      "version": "18.17.12",
      "resolved": "https://registry.npmjs.org/@types/node/-/node-18.17.12.tgz",
      "integrity": "sha512-d6xjC9fJ/nSnfDeU0AMDsaJyb1iHsqCSOdi84w4u+SlN/UgQdY5tRhpMzaFYsI4mnpvgTivEaQd0yOUhAtOnEQ==",
      "dev": true
    },
    "node_modules/nbtify": {
      "version": "1.69.420",
      "resolved": "https://registry.npmjs.org/nbtify/-/nbtify-1.69.420.tgz",
      "integrity": "sha512-C+1s/qTLH5sQKyCHVwhJgXzgP+Ln5MFH0ltrawDmqRh6u6LyAzWoCspUPxmMSZoPx2R9PJYc4CA94RsfYsWr4w=="
    },
    "node_modules/typescript": {
      "version": "5.2.2",
      "resolved": "https://registry.npmjs.org/typescript/-/typescript-5.2.2.tgz",
      "integrity": "sha512-mI4WrpHsbCIcwT9cF4FZvr80QUeKvsUsUvKDoR+X/7XHQH98xYD8YHZg7ANtz2GtZt/CBq2QJ0thkGJMHfqc1w==",
      "dev": true,
      "bin": {
        "tsc": "bin/tsc",
        "tsserver": "bin/tsserver"
      },
      "engines": {
        "node": ">=14.17"
      }
    }
  }
}
