{
  "name": "Region-Defs",
  "lockfileVersion": 3,
  "requires": true,
  "packages": {
    "": {
      "dependencies": {
        "nbtify": "^1.20.1"
      }
    },
    "node_modules/nbtify": {
      "version": "1.20.1",
      "resolved": "https://registry.npmjs.org/nbtify/-/nbtify-1.20.1.tgz",
      "integrity": "sha512-Rgcf1TmsmImhwhdJsAzIBZcc+DmUlkBx7yQVa5LFJRGR1Ra6q0LI/oJqdKlra21Unpw552SbkjFc0GxM0RU5VQ=="
    }
  }
}
